
Microsoft Visual Studio Solution File, Format Version 11.00
# Visual Studio 2010
Project("{F184B08F-C81C-45F6-A57F-5ABD9991F28F}") = "TDM", "TDM\TDM.vbproj", "{BCD18F73-62E7-4587-A129-AB6D04EB185D}"
EndProject
Global
	GlobalSection(SolutionConfigurationPlatforms) = preSolution
		Debug|x86 = Debug|x86
		Release|x86 = Release|x86
	EndGlobalSection
	GlobalSection(ProjectConfigurationPlatforms) = postSolution
		{BCD18F73-62E7-4587-A129-AB6D04EB185D}.Debug|x86.ActiveCfg = Debug|x86
		{BCD18F73-62E7-4587-A129-AB6D04EB185D}.Debug|x86.Build.0 = Debug|x86
		{BCD18F73-62E7-4587-A129-AB6D04EB185D}.Release|x86.ActiveCfg = Release|x86
		{BCD18F73-62E7-4587-A129-AB6D04EB185D}.Release|x86.Build.0 = Release|x86
	EndGlobalSection
	GlobalSection(SolutionProperties) = preSolution
		HideSolutionNode = FALSE
	EndGlobalSection
EndGlobal
